
Microsoft Visual Studio Solution File, Format Version 12.00
# Visual Studio Version 17
VisualStudioVersion = 17.9.34728.123
MinimumVisualStudioVersion = 10.0.40219.1
Project("{9A19103F-16F7-4668-BE54-9A1E7A4F7556}") = "PrimePotAutoStarter", "PrimePotAutoStarter\PrimePotAutoStarter.csproj", "{90CF4F4F-33D5-4E66-973C-670517E7796C}"
EndProject
Global
	GlobalSection(SolutionConfigurationPlatforms) = preSolution
		Debug|Any CPU = Debug|Any CPU
		Release|Any CPU = Release|Any CPU
	EndGlobalSection
	GlobalSection(ProjectConfigurationPlatforms) = postSolution
		{90CF4F4F-33D5-4E66-973C-670517E7796C}.Debug|Any CPU.ActiveCfg = Debug|Any CPU
		{90CF4F4F-33D5-4E66-973C-670517E7796C}.Debug|Any CPU.Build.0 = Debug|Any CPU
		{90CF4F4F-33D5-4E66-973C-670517E7796C}.Release|Any CPU.ActiveCfg = Release|Any CPU
		{90CF4F4F-33D5-4E66-973C-670517E7796C}.Release|Any CPU.Build.0 = Release|Any CPU
	EndGlobalSection
	GlobalSection(SolutionProperties) = preSolution
		HideSolutionNode = FALSE
	EndGlobalSection
	GlobalSection(ExtensibilityGlobals) = postSolution
		SolutionGuid = {C6EFCACB-92DB-4ABE-AFC1-D4468520473E}
	EndGlobalSection
EndGlobal
